
Microsoft Visual Studio Solution File, Format Version 12.00
# Visual Studio Version 17
VisualStudioVersion = 17.4.33103.184
MinimumVisualStudioVersion = 10.0.40219.1
Project("{FAE04EC0-301F-11D3-BF4B-00C04F79EFBC}") = "ShalevDark", "VSThemeProject2\ShalevDark.csproj", "{E115CC22-57FF-4474-AFFF-6E21255CAF48}"
EndProject
Global
	GlobalSection(SolutionConfigurationPlatforms) = preSolution
		Debug|Any CPU = Debug|Any CPU
		Debug|arm64 = Debug|arm64
		Debug|x86 = Debug|x86
		Release|Any CPU = Release|Any CPU
		Release|arm64 = Release|arm64
		Release|x86 = Release|x86
	EndGlobalSection
	GlobalSection(ProjectConfigurationPlatforms) = postSolution
		{E115CC22-57FF-4474-AFFF-6E21255CAF48}.Debug|Any CPU.ActiveCfg = Debug|Any CPU
		{E115CC22-57FF-4474-AFFF-6E21255CAF48}.Debug|Any CPU.Build.0 = Debug|Any CPU
		{E115CC22-57FF-4474-AFFF-6E21255CAF48}.Debug|arm64.ActiveCfg = Debug|arm64
		{E115CC22-57FF-4474-AFFF-6E21255CAF48}.Debug|arm64.Build.0 = Debug|arm64
		{E115CC22-57FF-4474-AFFF-6E21255CAF48}.Debug|x86.ActiveCfg = Debug|x86
		{E115CC22-57FF-4474-AFFF-6E21255CAF48}.Debug|x86.Build.0 = Debug|x86
		{E115CC22-57FF-4474-AFFF-6E21255CAF48}.Release|Any CPU.ActiveCfg = Release|Any CPU
		{E115CC22-57FF-4474-AFFF-6E21255CAF48}.Release|Any CPU.Build.0 = Release|Any CPU
		{E115CC22-57FF-4474-AFFF-6E21255CAF48}.Release|arm64.ActiveCfg = Release|arm64
		{E115CC22-57FF-4474-AFFF-6E21255CAF48}.Release|arm64.Build.0 = Release|arm64
		{E115CC22-57FF-4474-AFFF-6E21255CAF48}.Release|x86.ActiveCfg = Release|x86
		{E115CC22-57FF-4474-AFFF-6E21255CAF48}.Release|x86.Build.0 = Release|x86
	EndGlobalSection
	GlobalSection(SolutionProperties) = preSolution
		HideSolutionNode = FALSE
	EndGlobalSection
	GlobalSection(ExtensibilityGlobals) = postSolution
		SolutionGuid = {B0D4FF43-22E1-45E4-AE6C-A17D77EDB7A8}
	EndGlobalSection
EndGlobal
